
Microsoft Visual Studio Solution File, Format Version 12.00
# Visual Studio 15
VisualStudioVersion = 15.0.28010.2036
MinimumVisualStudioVersion = 10.0.40219.1
Project("{FAE04EC0-301F-11D3-BF4B-00C04F79EFBC}") = "AudioServer", "AudioServer\AudioServer.csproj", "{8BF2B0CE-B5F5-4D51-BA27-335B126D3CF3}"
EndProject
Global
	GlobalSection(SolutionConfigurationPlatforms) = preSolution
		Debug|Any CPU = Debug|Any CPU
		Release|Any CPU = Release|Any CPU
	EndGlobalSection
	GlobalSection(ProjectConfigurationPlatforms) = postSolution
		{8BF2B0CE-B5F5-4D51-BA27-335B126D3CF3}.Debug|Any CPU.ActiveCfg = Debug|Any CPU
		{8BF2B0CE-B5F5-4D51-BA27-335B126D3CF3}.Debug|Any CPU.Build.0 = Debug|Any CPU
		{8BF2B0CE-B5F5-4D51-BA27-335B126D3CF3}.Release|Any CPU.ActiveCfg = Release|Any CPU
		{8BF2B0CE-B5F5-4D51-BA27-335B126D3CF3}.Release|Any CPU.Build.0 = Release|Any CPU
	EndGlobalSection
	GlobalSection(SolutionProperties) = preSolution
		HideSolutionNode = FALSE
	EndGlobalSection
	GlobalSection(ExtensibilityGlobals) = postSolution
		SolutionGuid = {50FE2721-77B3-4C6B-ABA3-09E12439D5EF}
	EndGlobalSection
EndGlobal
